{
  "schema_version": 1,
  "python": "3.12",
  "dependencies": {
    "arc-agi": "0.9.9",
    "arcengine": "0.9.3",
    "kaggle": "2.2.4",
    "python-dotenv": "1.2.3",
    "requests": "2.34.2",
    "numpy": "2.5.2",
    "pydantic": "2.13.5",
    "pandas": "3.0.5",
    "pyarrow": "25.0.1"
  },
  "kaggle_mounted_profile_2026_09_07": {
    "arc-agi": {"version": "0.9.8", "wheel_sha256": "aeca1663db342e91cb8fc96cf0c83e2fa39db1640bc1298e80a8d522e3af70f3"},
    "arcengine": {"version": "0.9.3", "wheel_sha256": "5f9739d6d0055780a4581fd6fe09066bb08775c4c8212c9adcca2eb008aef59c"},
    "requests": {"version": "2.33.1", "wheel_sha256": "4e6d1ef462f3626a1f0a0a9c42dd93c63bad33f9f1c1937509b8c5c8718ab56a"},
    "numpy": {"version": "2.4.4", "wheel_sha256": "81f4a14bee47aec54f883e0cad2d73986640c1590eb9bfaaba7ad17394481e6e"},
    "pydantic": {"version": "2.13.2", "wheel_sha256": "a525087f4c03d7e7456a3de89b64cd693d2229933bb1068b9af6befd5563694e"},
    "python-dotenv": {"version": "1.2.2", "wheel_sha256": "1d8214789a24de455a8b8bd8ae6fe3c6b69a5e3d64aa8a8e5d68e694bbcb285a"}
  }
}
